
Microsoft Visual Studio Solution File, Format Version 12.00
# Visual Studio Version 17
VisualStudioVersion = 17.1.32407.343
MinimumVisualStudioVersion = 10.0.40219.1
Project("{2150E333-8FDC-42A3-9474-1A3956D46DE8}") = "Core", "Core", "{2DC75893-0632-4DBD-B6DD-904E4F87C6B8}"
EndProject
Project("{9A19103F-16F7-4668-BE54-9A1E7A4F7556}") = "MiniETrade.Domain", "Core\MiniETrade.Domain\MiniETrade.Domain.csproj", "{A2718860-6F15-4902-8E80-713C3CC73F4D}"
EndProject
Project("{9A19103F-16F7-4668-BE54-9A1E7A4F7556}") = "MiniETrade.Application", "Core\MiniETrade.Application\MiniETrade.Application.csproj", "{044E767F-FC61-49A5-B12A-83B224A132E6}"
EndProject
Project("{2150E333-8FDC-42A3-9474-1A3956D46DE8}") = "Infrastructure", "Infrastructure", "{C5126C13-D37A-4B76-B5D1-D4EA00A60769}"
EndProject
Project("{9A19103F-16F7-4668-BE54-9A1E7A4F7556}") = "MiniETrade.Infrastructure", "Infrastructure\MiniETrade.Infrastructure\MiniETrade.Infrastructure.csproj", "{E4E7C18D-B5DE-44CD-9C08-C239A93FF84A}"
	ProjectSection(ProjectDependencies) = postProject
		{044E767F-FC61-49A5-B12A-83B224A132E6} = {044E767F-FC61-49A5-B12A-83B224A132E6}
	EndProjectSection
EndProject
Project("{9A19103F-16F7-4668-BE54-9A1E7A4F7556}") = "MiniETrade.Persistence", "Infrastructure\MiniETrade.Persistence\MiniETrade.Persistence.csproj", "{B1EF6F2B-AA2E-4E79-AAC2-EDFCFC49D1AD}"
EndProject
Project("{2150E333-8FDC-42A3-9474-1A3956D46DE8}") = "Presentation", "Presentation", "{104CAFE3-2D11-4095-ABFE-F0298E3F7C34}"
EndProject
Project("{9A19103F-16F7-4668-BE54-9A1E7A4F7556}") = "MiniETrade.API", "Presentation\MiniETrade.API\MiniETrade.API.csproj", "{782EEFBB-08A1-4B03-A088-87D136EC1BED}"
EndProject
Project("{2150E333-8FDC-42A3-9474-1A3956D46DE8}") = "MQConsumer", "MQConsumer", "{F2003AC8-53F6-46FE-A138-768DB139A408}"
EndProject
Project("{9A19103F-16F7-4668-BE54-9A1E7A4F7556}") = "MQConsumerService", "MQConsumerService\MQConsumerService.csproj", "{447E3642-C3BB-4CA0-AD3F-39B0BE8D0F9D}"
EndProject
Project("{2150E333-8FDC-42A3-9474-1A3956D46DE8}") = "UnitTests", "UnitTests", "{48FD6371-225E-46C2-B9FF-F7CC5329D6B2}"
EndProject
Global
	GlobalSection(SolutionConfigurationPlatforms) = preSolution
		Debug|Any CPU = Debug|Any CPU
		Release|Any CPU = Release|Any CPU
	EndGlobalSection
	GlobalSection(ProjectConfigurationPlatforms) = postSolution
		{A2718860-6F15-4902-8E80-713C3CC73F4D}.Debug|Any CPU.ActiveCfg = Debug|Any CPU
		{A2718860-6F15-4902-8E80-713C3CC73F4D}.Debug|Any CPU.Build.0 = Debug|Any CPU
		{A2718860-6F15-4902-8E80-713C3CC73F4D}.Release|Any CPU.ActiveCfg = Release|Any CPU
		{A2718860-6F15-4902-8E80-713C3CC73F4D}.Release|Any CPU.Build.0 = Release|Any CPU
		{044E767F-FC61-49A5-B12A-83B224A132E6}.Debug|Any CPU.ActiveCfg = Debug|Any CPU
		{044E767F-FC61-49A5-B12A-83B224A132E6}.Debug|Any CPU.Build.0 = Debug|Any CPU
		{044E767F-FC61-49A5-B12A-83B224A132E6}.Release|Any CPU.ActiveCfg = Release|Any CPU
		{044E767F-FC61-49A5-B12A-83B224A132E6}.Release|Any CPU.Build.0 = Release|Any CPU
		{E4E7C18D-B5DE-44CD-9C08-C239A93FF84A}.Debug|Any CPU.ActiveCfg = Debug|Any CPU
		{E4E7C18D-B5DE-44CD-9C08-C239A93FF84A}.Debug|Any CPU.Build.0 = Debug|Any CPU
		{E4E7C18D-B5DE-44CD-9C08-C239A93FF84A}.Release|Any CPU.ActiveCfg = Release|Any CPU
		{E4E7C18D-B5DE-44CD-9C08-C239A93FF84A}.Release|Any CPU.Build.0 = Release|Any CPU
		{B1EF6F2B-AA2E-4E79-AAC2-EDFCFC49D1AD}.Debug|Any CPU.ActiveCfg = Debug|Any CPU
		{B1EF6F2B-AA2E-4E79-AAC2-EDFCFC49D1AD}.Debug|Any CPU.Build.0 = Debug|Any CPU
		{B1EF6F2B-AA2E-4E79-AAC2-EDFCFC49D1AD}.Release|Any CPU.ActiveCfg = Release|Any CPU
		{B1EF6F2B-AA2E-4E79-AAC2-EDFCFC49D1AD}.Release|Any CPU.Build.0 = Release|Any CPU
		{782EEFBB-08A1-4B03-A088-87D136EC1BED}.Debug|Any CPU.ActiveCfg = Debug|Any CPU
		{782EEFBB-08A1-4B03-A088-87D136EC1BED}.Debug|Any CPU.Build.0 = Debug|Any CPU
		{782EEFBB-08A1-4B03-A088-87D136EC1BED}.Release|Any CPU.ActiveCfg = Release|Any CPU
		{782EEFBB-08A1-4B03-A088-87D136EC1BED}.Release|Any CPU.Build.0 = Release|Any CPU
		{447E3642-C3BB-4CA0-AD3F-39B0BE8D0F9D}.Debug|Any CPU.ActiveCfg = Debug|Any CPU
		{447E3642-C3BB-4CA0-AD3F-39B0BE8D0F9D}.Debug|Any CPU.Build.0 = Debug|Any CPU
		{447E3642-C3BB-4CA0-AD3F-39B0BE8D0F9D}.Release|Any CPU.ActiveCfg = Release|Any CPU
		{447E3642-C3BB-4CA0-AD3F-39B0BE8D0F9D}.Release|Any CPU.Build.0 = Release|Any CPU
	EndGlobalSection
	GlobalSection(SolutionProperties) = preSolution
		HideSolutionNode = FALSE
	EndGlobalSection
	GlobalSection(NestedProjects) = preSolution
		{A2718860-6F15-4902-8E80-713C3CC73F4D} = {2DC75893-0632-4DBD-B6DD-904E4F87C6B8}
		{044E767F-FC61-49A5-B12A-83B224A132E6} = {2DC75893-0632-4DBD-B6DD-904E4F87C6B8}
		{E4E7C18D-B5DE-44CD-9C08-C239A93FF84A} = {C5126C13-D37A-4B76-B5D1-D4EA00A60769}
		{B1EF6F2B-AA2E-4E79-AAC2-EDFCFC49D1AD} = {C5126C13-D37A-4B76-B5D1-D4EA00A60769}
		{782EEFBB-08A1-4B03-A088-87D136EC1BED} = {104CAFE3-2D11-4095-ABFE-F0298E3F7C34}
		{447E3642-C3BB-4CA0-AD3F-39B0BE8D0F9D} = {F2003AC8-53F6-46FE-A138-768DB139A408}
	EndGlobalSection
	GlobalSection(ExtensibilityGlobals) = postSolution
		SolutionGuid = {57BB0AD1-462B-49A5-AEA5-2A862E11EF6A}
	EndGlobalSection
EndGlobal
